
Microsoft Visual Studio Solution File, Format Version 12.00
# Visual Studio 15
Project("{FAE04EC0-301F-11D3-BF4B-00C04F79EFBC}") = "Assembly-CSharp", "Assembly-CSharp.csproj", "{C39415D3-E13B-8C98-EA7B-2B4BF29671EB}"
EndProject
Project("{FAE04EC0-301F-11D3-BF4B-00C04F79EFBC}") = "Assembly-CSharp-Editor", "Assembly-CSharp-Editor.csproj", "{099AA286-CD9C-82EC-E3D7-7719A8EC051C}"
EndProject
Global
	GlobalSection(SolutionConfigurationPlatforms) = preSolution
		Debug|Any CPU = Debug|Any CPU
		Release|Any CPU = Release|Any CPU
	EndGlobalSection
	GlobalSection(ProjectConfigurationPlatforms) = postSolution
		{C39415D3-E13B-8C98-EA7B-2B4BF29671EB}.Debug|Any CPU.ActiveCfg = Debug|Any CPU
		{C39415D3-E13B-8C98-EA7B-2B4BF29671EB}.Debug|Any CPU.Build.0 = Debug|Any CPU
		{C39415D3-E13B-8C98-EA7B-2B4BF29671EB}.Release|Any CPU.ActiveCfg = Release|Any CPU
		{C39415D3-E13B-8C98-EA7B-2B4BF29671EB}.Release|Any CPU.Build.0 = Release|Any CPU
		{099AA286-CD9C-82EC-E3D7-7719A8EC051C}.Debug|Any CPU.ActiveCfg = Debug|Any CPU
		{099AA286-CD9C-82EC-E3D7-7719A8EC051C}.Debug|Any CPU.Build.0 = Debug|Any CPU
		{099AA286-CD9C-82EC-E3D7-7719A8EC051C}.Release|Any CPU.ActiveCfg = Release|Any CPU
		{099AA286-CD9C-82EC-E3D7-7719A8EC051C}.Release|Any CPU.Build.0 = Release|Any CPU
	EndGlobalSection
	GlobalSection(SolutionProperties) = preSolution
		HideSolutionNode = FALSE
	EndGlobalSection
EndGlobal
